{
  "name": "firebase-function-nest",
  "lockfileVersion": 3,
  "requires": true,
  "packages": {
    "": {
      "dependencies": {
        "async-hook": "^2.0.0"
      }
    },
    "node_modules/async-hook": {
      "version": "2.0.0",
      "resolved": "https://registry.npmjs.org/async-hook/-/async-hook-2.0.0.tgz",
      "integrity": "sha512-iPA/s4sfG+Blw6DHO13ZahDb9wkA4JM/NQ85PO1FdA0LfemmWudyo0QTmuniZMNb75MfHBMGoc2mRZ4FGGbLjQ==",
      "engines": {
        "node": "^8.0"
      }
    }
  }
}
